
Microsoft Visual Studio Solution File, Format Version 12.00
# Visual Studio Version 17
VisualStudioVersion = 17.5.33516.290
MinimumVisualStudioVersion = 10.0.40219.1
Project("{9A19103F-16F7-4668-BE54-9A1E7A4F7556}") = "TiendaServicios.Api.Autor", "TiendaServicios.Api.Autor\TiendaServicios.Api.Autor.csproj", "{DEC53168-F99F-4701-A1EC-FD6C63B43821}"
EndProject
Project("{9A19103F-16F7-4668-BE54-9A1E7A4F7556}") = "TiendaServicios.Api.Libro", "TiendaServicios.Api.Libro\TiendaServicios.Api.Libro.csproj", "{1D5CCC5E-8D90-4928-9651-1EDB80BDE9E5}"
EndProject
Project("{9A19103F-16F7-4668-BE54-9A1E7A4F7556}") = "TiendaServicios.Api.CarritoCompras", "TiendaServicios.Api.CarritoCompras\TiendaServicios.Api.CarritoCompras.csproj", "{5898DB54-4A28-4A6E-B3AA-3670ABCD87C2}"
EndProject
Project("{FAE04EC0-301F-11D3-BF4B-00C04F79EFBC}") = "TiendaServicios.Api.Libro.Tests", "TiendaServicios.Api.Libro.Tests\TiendaServicios.Api.Libro.Tests.csproj", "{F54BB24E-D6F4-46F7-B68F-FBA3888A4FDD}"
EndProject
Project("{2150E333-8FDC-42A3-9474-1A3956D46DE8}") = "Solution Items", "Solution Items", "{9D2F82FF-81F8-407F-9D0B-9DAEB0450221}"
	ProjectSection(SolutionItems) = preProject
		.editorconfig = .editorconfig
	EndProjectSection
EndProject
Global
	GlobalSection(SolutionConfigurationPlatforms) = preSolution
		Debug|Any CPU = Debug|Any CPU
		Release|Any CPU = Release|Any CPU
	EndGlobalSection
	GlobalSection(ProjectConfigurationPlatforms) = postSolution
		{DEC53168-F99F-4701-A1EC-FD6C63B43821}.Debug|Any CPU.ActiveCfg = Debug|Any CPU
		{DEC53168-F99F-4701-A1EC-FD6C63B43821}.Debug|Any CPU.Build.0 = Debug|Any CPU
		{DEC53168-F99F-4701-A1EC-FD6C63B43821}.Release|Any CPU.ActiveCfg = Release|Any CPU
		{DEC53168-F99F-4701-A1EC-FD6C63B43821}.Release|Any CPU.Build.0 = Release|Any CPU
		{1D5CCC5E-8D90-4928-9651-1EDB80BDE9E5}.Debug|Any CPU.ActiveCfg = Debug|Any CPU
		{1D5CCC5E-8D90-4928-9651-1EDB80BDE9E5}.Debug|Any CPU.Build.0 = Debug|Any CPU
		{1D5CCC5E-8D90-4928-9651-1EDB80BDE9E5}.Release|Any CPU.ActiveCfg = Release|Any CPU
		{1D5CCC5E-8D90-4928-9651-1EDB80BDE9E5}.Release|Any CPU.Build.0 = Release|Any CPU
		{5898DB54-4A28-4A6E-B3AA-3670ABCD87C2}.Debug|Any CPU.ActiveCfg = Debug|Any CPU
		{5898DB54-4A28-4A6E-B3AA-3670ABCD87C2}.Debug|Any CPU.Build.0 = Debug|Any CPU
		{5898DB54-4A28-4A6E-B3AA-3670ABCD87C2}.Release|Any CPU.ActiveCfg = Release|Any CPU
		{5898DB54-4A28-4A6E-B3AA-3670ABCD87C2}.Release|Any CPU.Build.0 = Release|Any CPU
		{F54BB24E-D6F4-46F7-B68F-FBA3888A4FDD}.Debug|Any CPU.ActiveCfg = Debug|Any CPU
		{F54BB24E-D6F4-46F7-B68F-FBA3888A4FDD}.Debug|Any CPU.Build.0 = Debug|Any CPU
		{F54BB24E-D6F4-46F7-B68F-FBA3888A4FDD}.Release|Any CPU.ActiveCfg = Release|Any CPU
		{F54BB24E-D6F4-46F7-B68F-FBA3888A4FDD}.Release|Any CPU.Build.0 = Release|Any CPU
	EndGlobalSection
	GlobalSection(SolutionProperties) = preSolution
		HideSolutionNode = FALSE
	EndGlobalSection
	GlobalSection(ExtensibilityGlobals) = postSolution
		SolutionGuid = {734B2451-6261-4ADB-9893-A7AD425F2F50}
	EndGlobalSection
EndGlobal
